
Microsoft Visual Studio Solution File, Format Version 12.00
# Visual Studio Version 17
VisualStudioVersion = 17.14.36429.23 d17.14
MinimumVisualStudioVersion = 10.0.40219.1
Project("{FAE04EC0-301F-11D3-BF4B-00C04F79EFBC}") = "Love", "Love\Love.csproj", "{4822C7B3-1CDD-4FFF-B7D0-DA93F19B50D2}"
EndProject
Global
	GlobalSection(SolutionConfigurationPlatforms) = preSolution
		Debug|Any CPU = Debug|Any CPU
		Release|Any CPU = Release|Any CPU
	EndGlobalSection
	GlobalSection(ProjectConfigurationPlatforms) = postSolution
		{4822C7B3-1CDD-4FFF-B7D0-DA93F19B50D2}.Debug|Any CPU.ActiveCfg = Debug|Any CPU
		{4822C7B3-1CDD-4FFF-B7D0-DA93F19B50D2}.Debug|Any CPU.Build.0 = Debug|Any CPU
		{4822C7B3-1CDD-4FFF-B7D0-DA93F19B50D2}.Release|Any CPU.ActiveCfg = Release|Any CPU
		{4822C7B3-1CDD-4FFF-B7D0-DA93F19B50D2}.Release|Any CPU.Build.0 = Release|Any CPU
	EndGlobalSection
	GlobalSection(SolutionProperties) = preSolution
		HideSolutionNode = FALSE
	EndGlobalSection
	GlobalSection(ExtensibilityGlobals) = postSolution
		SolutionGuid = {FA311427-FC35-4BA4-B753-420708482996}
	EndGlobalSection
EndGlobal
